# This file is automatically @generated by Cargo.
# It is not intended for manual editing.
version = 4

[[package]]
name = "gabagool"
version = "0.1.0"

[[package]]
name = "gabagool-wasip1"
version = "0.1.0"
dependencies = [
 "gabagool",
]

[[package]]
name = "python"
version = "0.1.0"
dependencies = [
 "gabagool",
 "gabagool-wasip1",
]
